
Microsoft Visual Studio Solution File, Format Version 12.00
# Visual Studio Version 16
VisualStudioVersion = 16.0.30204.135
MinimumVisualStudioVersion = 10.0.40219.1
Project("{9A19103F-16F7-4668-BE54-9A1E7A4F7556}") = "Poseidon.BusinessLayer", "Poseidon.BusinessLayer\Poseidon.BusinessLayer.csproj", "{EF0BAB7C-4217-4152-9B8C-B56B4E5B5437}"
EndProject
Project("{9A19103F-16F7-4668-BE54-9A1E7A4F7556}") = "Poseidon.DataLayer", "Poseidon.DataLayer\Poseidon.DataLayer.csproj", "{F0213B01-CFEF-4FB7-9BE9-C49B3CE9CCF0}"
EndProject
Project("{2150E333-8FDC-42A3-9474-1A3956D46DE8}") = "BusinessLayer", "BusinessLayer", "{912C0BF5-7329-4E78-A280-96EF319A3FD0}"
EndProject
Project("{9A19103F-16F7-4668-BE54-9A1E7A4F7556}") = "Poseidon.BusinessLayer.Tests", "Poseidon.BusinessLayer.Tests\Poseidon.BusinessLayer.Tests.csproj", "{20F1BAB2-CBC1-4ECD-A538-A9B8A28620CA}"
EndProject
Project("{2150E333-8FDC-42A3-9474-1A3956D46DE8}") = "Presentation", "Presentation", "{F4456149-54F7-48F2-A632-6279B42A62DC}"
EndProject
Project("{2150E333-8FDC-42A3-9474-1A3956D46DE8}") = "DataLayer", "DataLayer", "{233FB683-E92F-403E-8881-0235920364F2}"
EndProject
Project("{2150E333-8FDC-42A3-9474-1A3956D46DE8}") = "Models", "Models", "{570874B9-CB16-4CFA-8EBE-39657EB147FB}"
EndProject
Project("{9A19103F-16F7-4668-BE54-9A1E7A4F7556}") = "Poseidon.Models", "Poseidon.Models\Poseidon.Models.csproj", "{ABB9A3BF-8942-438D-AEA4-0D93DBAFBA51}"
EndProject
Project("{2150E333-8FDC-42A3-9474-1A3956D46DE8}") = "Helpers", "Helpers", "{768546CF-76C9-48CA-9875-DF4DBD6569E9}"
EndProject
Project("{9A19103F-16F7-4668-BE54-9A1E7A4F7556}") = "Poseidon.Helpers", "Poseidon.Helpers\Poseidon.Helpers.csproj", "{3D6F0D85-029F-4175-B5C4-5CE13C351D19}"
EndProject
Project("{9A19103F-16F7-4668-BE54-9A1E7A4F7556}") = "Poseidon.Helpers.Tests", "Poseidon.Helpers.Tests\Poseidon.Helpers.Tests.csproj", "{F5F0C59E-7969-4FC7-B114-422FB49F7F19}"
EndProject
Project("{9A19103F-16F7-4668-BE54-9A1E7A4F7556}") = "Poseidon.Api", "Poseidon.API\Poseidon.Api.csproj", "{09D81E4F-FCFC-4CFF-9C3C-98A9A3D61C0E}"
EndProject
Project("{2150E333-8FDC-42A3-9474-1A3956D46DE8}") = "Migrations", "Migrations", "{685357C9-A171-4117-B7C1-E83835A7A84F}"
EndProject
Project("{9A19103F-16F7-4668-BE54-9A1E7A4F7556}") = "Poseidon.Migrations.Mysql", "Poseidon.Migrations.Mysql\Poseidon.Migrations.Mysql.csproj", "{3AAB6932-C317-4A1E-91FE-F6B9034C3E02}"
EndProject
Project("{9A19103F-16F7-4668-BE54-9A1E7A4F7556}") = "Poseidon.Migrations.Postgres", "Poseidon.Migrations.Postgresql\Poseidon.Migrations.Postgres.csproj", "{0BEFE3C6-FC8D-4C1A-B511-9F037B7B0E50}"
EndProject
Project("{2150E333-8FDC-42A3-9474-1A3956D46DE8}") = "Exceptions", "Exceptions", "{650BE0CF-C1F1-414C-B8FC-7594C205A037}"
EndProject
Project("{FAE04EC0-301F-11D3-BF4B-00C04F79EFBC}") = "Poseidon.Exceptions", "Poseidon.Exceptions\Poseidon.Exceptions.csproj", "{E411F16E-D059-48B2-B4A6-E208A8B8621C}"
EndProject
Global
	GlobalSection(SolutionConfigurationPlatforms) = preSolution
		Debug|Any CPU = Debug|Any CPU
		Release|Any CPU = Release|Any CPU
	EndGlobalSection
	GlobalSection(ProjectConfigurationPlatforms) = postSolution
		{EF0BAB7C-4217-4152-9B8C-B56B4E5B5437}.Debug|Any CPU.ActiveCfg = Debug|Any CPU
		{EF0BAB7C-4217-4152-9B8C-B56B4E5B5437}.Debug|Any CPU.Build.0 = Debug|Any CPU
		{EF0BAB7C-4217-4152-9B8C-B56B4E5B5437}.Release|Any CPU.ActiveCfg = Release|Any CPU
		{EF0BAB7C-4217-4152-9B8C-B56B4E5B5437}.Release|Any CPU.Build.0 = Release|Any CPU
		{F0213B01-CFEF-4FB7-9BE9-C49B3CE9CCF0}.Debug|Any CPU.ActiveCfg = Debug|Any CPU
		{F0213B01-CFEF-4FB7-9BE9-C49B3CE9CCF0}.Debug|Any CPU.Build.0 = Debug|Any CPU
		{F0213B01-CFEF-4FB7-9BE9-C49B3CE9CCF0}.Release|Any CPU.ActiveCfg = Release|Any CPU
		{F0213B01-CFEF-4FB7-9BE9-C49B3CE9CCF0}.Release|Any CPU.Build.0 = Release|Any CPU
		{20F1BAB2-CBC1-4ECD-A538-A9B8A28620CA}.Debug|Any CPU.ActiveCfg = Debug|Any CPU
		{20F1BAB2-CBC1-4ECD-A538-A9B8A28620CA}.Debug|Any CPU.Build.0 = Debug|Any CPU
		{20F1BAB2-CBC1-4ECD-A538-A9B8A28620CA}.Release|Any CPU.ActiveCfg = Release|Any CPU
		{20F1BAB2-CBC1-4ECD-A538-A9B8A28620CA}.Release|Any CPU.Build.0 = Release|Any CPU
		{ABB9A3BF-8942-438D-AEA4-0D93DBAFBA51}.Debug|Any CPU.ActiveCfg = Debug|Any CPU
		{ABB9A3BF-8942-438D-AEA4-0D93DBAFBA51}.Debug|Any CPU.Build.0 = Debug|Any CPU
		{ABB9A3BF-8942-438D-AEA4-0D93DBAFBA51}.Release|Any CPU.ActiveCfg = Release|Any CPU
		{ABB9A3BF-8942-438D-AEA4-0D93DBAFBA51}.Release|Any CPU.Build.0 = Release|Any CPU
		{3D6F0D85-029F-4175-B5C4-5CE13C351D19}.Debug|Any CPU.ActiveCfg = Debug|Any CPU
		{3D6F0D85-029F-4175-B5C4-5CE13C351D19}.Debug|Any CPU.Build.0 = Debug|Any CPU
		{3D6F0D85-029F-4175-B5C4-5CE13C351D19}.Release|Any CPU.ActiveCfg = Release|Any CPU
		{3D6F0D85-029F-4175-B5C4-5CE13C351D19}.Release|Any CPU.Build.0 = Release|Any CPU
		{F5F0C59E-7969-4FC7-B114-422FB49F7F19}.Debug|Any CPU.ActiveCfg = Debug|Any CPU
		{F5F0C59E-7969-4FC7-B114-422FB49F7F19}.Debug|Any CPU.Build.0 = Debug|Any CPU
		{F5F0C59E-7969-4FC7-B114-422FB49F7F19}.Release|Any CPU.ActiveCfg = Release|Any CPU
		{F5F0C59E-7969-4FC7-B114-422FB49F7F19}.Release|Any CPU.Build.0 = Release|Any CPU
		{09D81E4F-FCFC-4CFF-9C3C-98A9A3D61C0E}.Debug|Any CPU.ActiveCfg = Debug|Any CPU
		{09D81E4F-FCFC-4CFF-9C3C-98A9A3D61C0E}.Debug|Any CPU.Build.0 = Debug|Any CPU
		{09D81E4F-FCFC-4CFF-9C3C-98A9A3D61C0E}.Release|Any CPU.ActiveCfg = Release|Any CPU
		{09D81E4F-FCFC-4CFF-9C3C-98A9A3D61C0E}.Release|Any CPU.Build.0 = Release|Any CPU
		{3AAB6932-C317-4A1E-91FE-F6B9034C3E02}.Debug|Any CPU.ActiveCfg = Debug|Any CPU
		{3AAB6932-C317-4A1E-91FE-F6B9034C3E02}.Debug|Any CPU.Build.0 = Debug|Any CPU
		{3AAB6932-C317-4A1E-91FE-F6B9034C3E02}.Release|Any CPU.ActiveCfg = Release|Any CPU
		{3AAB6932-C317-4A1E-91FE-F6B9034C3E02}.Release|Any CPU.Build.0 = Release|Any CPU
		{0BEFE3C6-FC8D-4C1A-B511-9F037B7B0E50}.Debug|Any CPU.ActiveCfg = Debug|Any CPU
		{0BEFE3C6-FC8D-4C1A-B511-9F037B7B0E50}.Debug|Any CPU.Build.0 = Debug|Any CPU
		{0BEFE3C6-FC8D-4C1A-B511-9F037B7B0E50}.Release|Any CPU.ActiveCfg = Release|Any CPU
		{0BEFE3C6-FC8D-4C1A-B511-9F037B7B0E50}.Release|Any CPU.Build.0 = Release|Any CPU
		{E411F16E-D059-48B2-B4A6-E208A8B8621C}.Debug|Any CPU.ActiveCfg = Debug|Any CPU
		{E411F16E-D059-48B2-B4A6-E208A8B8621C}.Debug|Any CPU.Build.0 = Debug|Any CPU
		{E411F16E-D059-48B2-B4A6-E208A8B8621C}.Release|Any CPU.ActiveCfg = Release|Any CPU
		{E411F16E-D059-48B2-B4A6-E208A8B8621C}.Release|Any CPU.Build.0 = Release|Any CPU
	EndGlobalSection
	GlobalSection(SolutionProperties) = preSolution
		HideSolutionNode = FALSE
	EndGlobalSection
	GlobalSection(NestedProjects) = preSolution
		{EF0BAB7C-4217-4152-9B8C-B56B4E5B5437} = {912C0BF5-7329-4E78-A280-96EF319A3FD0}
		{F0213B01-CFEF-4FB7-9BE9-C49B3CE9CCF0} = {233FB683-E92F-403E-8881-0235920364F2}
		{20F1BAB2-CBC1-4ECD-A538-A9B8A28620CA} = {912C0BF5-7329-4E78-A280-96EF319A3FD0}
		{ABB9A3BF-8942-438D-AEA4-0D93DBAFBA51} = {570874B9-CB16-4CFA-8EBE-39657EB147FB}
		{3D6F0D85-029F-4175-B5C4-5CE13C351D19} = {768546CF-76C9-48CA-9875-DF4DBD6569E9}
		{F5F0C59E-7969-4FC7-B114-422FB49F7F19} = {768546CF-76C9-48CA-9875-DF4DBD6569E9}
		{09D81E4F-FCFC-4CFF-9C3C-98A9A3D61C0E} = {F4456149-54F7-48F2-A632-6279B42A62DC}
		{3AAB6932-C317-4A1E-91FE-F6B9034C3E02} = {685357C9-A171-4117-B7C1-E83835A7A84F}
		{0BEFE3C6-FC8D-4C1A-B511-9F037B7B0E50} = {685357C9-A171-4117-B7C1-E83835A7A84F}
		{E411F16E-D059-48B2-B4A6-E208A8B8621C} = {650BE0CF-C1F1-414C-B8FC-7594C205A037}
	EndGlobalSection
	GlobalSection(ExtensibilityGlobals) = postSolution
		SolutionGuid = {1743B766-4617-4575-B730-2FD6502DECA3}
	EndGlobalSection
EndGlobal
