
Microsoft Visual Studio Solution File, Format Version 12.00
# Visual Studio Version 16
VisualStudioVersion = 16.0.30204.135
MinimumVisualStudioVersion = 10.0.40219.1
Project("{9A19103F-16F7-4668-BE54-9A1E7A4F7556}") = "Sertar", "Sertar\Sertar.csproj", "{7980B7B8-3EF8-46CD-841A-E722284A8344}"
EndProject
Project("{FAE04EC0-301F-11D3-BF4B-00C04F79EFBC}") = "Sertar.BusinessLayer", "Sertar.BusinessLayer\Sertar.BusinessLayer.csproj", "{EF0BAB7C-4217-4152-9B8C-B56B4E5B5437}"
EndProject
Project("{FAE04EC0-301F-11D3-BF4B-00C04F79EFBC}") = "Sertar.DataLayer", "Sertar.DataLayer\Sertar.DataLayer.csproj", "{F0213B01-CFEF-4FB7-9BE9-C49B3CE9CCF0}"
EndProject
Project("{2150E333-8FDC-42A3-9474-1A3956D46DE8}") = "BusinessLayer", "BusinessLayer", "{912C0BF5-7329-4E78-A280-96EF319A3FD0}"
EndProject
Project("{FAE04EC0-301F-11D3-BF4B-00C04F79EFBC}") = "Sertar.BusinessLayer.Tests", "Sertar.BusinessLayer.Tests\Sertar.BusinessLayer.Tests.csproj", "{20F1BAB2-CBC1-4ECD-A538-A9B8A28620CA}"
EndProject
Project("{2150E333-8FDC-42A3-9474-1A3956D46DE8}") = "Presentation", "Presentation", "{F4456149-54F7-48F2-A632-6279B42A62DC}"
EndProject
Project("{2150E333-8FDC-42A3-9474-1A3956D46DE8}") = "DataLayer", "DataLayer", "{233FB683-E92F-403E-8881-0235920364F2}"
EndProject
Project("{2150E333-8FDC-42A3-9474-1A3956D46DE8}") = "Models", "Models", "{570874B9-CB16-4CFA-8EBE-39657EB147FB}"
EndProject
Project("{FAE04EC0-301F-11D3-BF4B-00C04F79EFBC}") = "Sertar.Models", "Sertar.Models\Sertar.Models.csproj", "{ABB9A3BF-8942-438D-AEA4-0D93DBAFBA51}"
EndProject
Project("{2150E333-8FDC-42A3-9474-1A3956D46DE8}") = "Helpers", "Helpers", "{768546CF-76C9-48CA-9875-DF4DBD6569E9}"
EndProject
Project("{FAE04EC0-301F-11D3-BF4B-00C04F79EFBC}") = "Sertar.Helpers", "Sertar.Helpers\Sertar.Helpers.csproj", "{3D6F0D85-029F-4175-B5C4-5CE13C351D19}"
EndProject
Global
	GlobalSection(SolutionConfigurationPlatforms) = preSolution
		Debug|Any CPU = Debug|Any CPU
		Release|Any CPU = Release|Any CPU
	EndGlobalSection
	GlobalSection(ProjectConfigurationPlatforms) = postSolution
		{7980B7B8-3EF8-46CD-841A-E722284A8344}.Debug|Any CPU.ActiveCfg = Debug|Any CPU
		{7980B7B8-3EF8-46CD-841A-E722284A8344}.Debug|Any CPU.Build.0 = Debug|Any CPU
		{7980B7B8-3EF8-46CD-841A-E722284A8344}.Release|Any CPU.ActiveCfg = Release|Any CPU
		{7980B7B8-3EF8-46CD-841A-E722284A8344}.Release|Any CPU.Build.0 = Release|Any CPU
		{EF0BAB7C-4217-4152-9B8C-B56B4E5B5437}.Debug|Any CPU.ActiveCfg = Debug|Any CPU
		{EF0BAB7C-4217-4152-9B8C-B56B4E5B5437}.Debug|Any CPU.Build.0 = Debug|Any CPU
		{EF0BAB7C-4217-4152-9B8C-B56B4E5B5437}.Release|Any CPU.ActiveCfg = Release|Any CPU
		{EF0BAB7C-4217-4152-9B8C-B56B4E5B5437}.Release|Any CPU.Build.0 = Release|Any CPU
		{F0213B01-CFEF-4FB7-9BE9-C49B3CE9CCF0}.Debug|Any CPU.ActiveCfg = Debug|Any CPU
		{F0213B01-CFEF-4FB7-9BE9-C49B3CE9CCF0}.Debug|Any CPU.Build.0 = Debug|Any CPU
		{F0213B01-CFEF-4FB7-9BE9-C49B3CE9CCF0}.Release|Any CPU.ActiveCfg = Release|Any CPU
		{F0213B01-CFEF-4FB7-9BE9-C49B3CE9CCF0}.Release|Any CPU.Build.0 = Release|Any CPU
		{20F1BAB2-CBC1-4ECD-A538-A9B8A28620CA}.Debug|Any CPU.ActiveCfg = Debug|Any CPU
		{20F1BAB2-CBC1-4ECD-A538-A9B8A28620CA}.Debug|Any CPU.Build.0 = Debug|Any CPU
		{20F1BAB2-CBC1-4ECD-A538-A9B8A28620CA}.Release|Any CPU.ActiveCfg = Release|Any CPU
		{20F1BAB2-CBC1-4ECD-A538-A9B8A28620CA}.Release|Any CPU.Build.0 = Release|Any CPU
		{ABB9A3BF-8942-438D-AEA4-0D93DBAFBA51}.Debug|Any CPU.ActiveCfg = Debug|Any CPU
		{ABB9A3BF-8942-438D-AEA4-0D93DBAFBA51}.Debug|Any CPU.Build.0 = Debug|Any CPU
		{ABB9A3BF-8942-438D-AEA4-0D93DBAFBA51}.Release|Any CPU.ActiveCfg = Release|Any CPU
		{ABB9A3BF-8942-438D-AEA4-0D93DBAFBA51}.Release|Any CPU.Build.0 = Release|Any CPU
		{3D6F0D85-029F-4175-B5C4-5CE13C351D19}.Debug|Any CPU.ActiveCfg = Debug|Any CPU
		{3D6F0D85-029F-4175-B5C4-5CE13C351D19}.Debug|Any CPU.Build.0 = Debug|Any CPU
		{3D6F0D85-029F-4175-B5C4-5CE13C351D19}.Release|Any CPU.ActiveCfg = Release|Any CPU
		{3D6F0D85-029F-4175-B5C4-5CE13C351D19}.Release|Any CPU.Build.0 = Release|Any CPU
	EndGlobalSection
	GlobalSection(SolutionProperties) = preSolution
		HideSolutionNode = FALSE
	EndGlobalSection
	GlobalSection(NestedProjects) = preSolution
		{7980B7B8-3EF8-46CD-841A-E722284A8344} = {F4456149-54F7-48F2-A632-6279B42A62DC}
		{EF0BAB7C-4217-4152-9B8C-B56B4E5B5437} = {912C0BF5-7329-4E78-A280-96EF319A3FD0}
		{F0213B01-CFEF-4FB7-9BE9-C49B3CE9CCF0} = {233FB683-E92F-403E-8881-0235920364F2}
		{20F1BAB2-CBC1-4ECD-A538-A9B8A28620CA} = {912C0BF5-7329-4E78-A280-96EF319A3FD0}
		{ABB9A3BF-8942-438D-AEA4-0D93DBAFBA51} = {570874B9-CB16-4CFA-8EBE-39657EB147FB}
		{3D6F0D85-029F-4175-B5C4-5CE13C351D19} = {768546CF-76C9-48CA-9875-DF4DBD6569E9}
	EndGlobalSection
	GlobalSection(ExtensibilityGlobals) = postSolution
		SolutionGuid = {1743B766-4617-4575-B730-2FD6502DECA3}
	EndGlobalSection
EndGlobal
